// !$*UTF8*$!
{
	archiveVersion = 1;
	classes = {
	};
	objectVersion = 46;
	objects = {

/* Begin PBXBuildFile section */
		AFBB008718ED76CE00FAB4A5 /* Foundation.framework in Frameworks */ = {isa = PBXBuildFile; fileRef = AFBB008618ED76CE00FAB4A5 /* Foundation.framework */; };
		AFBB008918ED76CE00FAB4A5 /* CoreGraphics.framework in Frameworks */ = {isa = PBXBuildFile; fileRef = AFBB008818ED76CE00FAB4A5 /* CoreGraphics.framework */; };
		AFBB008B18ED76CE00FAB4A5 /* UIKit.framework in Frameworks */ = {isa = PBXBuildFile; fileRef = AFBB008A18ED76CE00FAB4A5 /* UIKit.framework */; };
		AFBB009118ED76CE00FAB4A5 /* InfoPlist.strings in Resources */ = {isa = PBXBuildFile; fileRef = AFBB008F18ED76CE00FAB4A5 /* InfoPlist.strings */; };
		AFBB009318ED76CE00FAB4A5 /* main.m in Sources */ = {isa = PBXBuildFile; fileRef = AFBB009218ED76CE00FAB4A5 /* main.m */; };
		AFBB009718ED76CE00FAB4A5 /* AppDelegate.m in Sources */ = {isa = PBXBuildFile; fileRef = AFBB009618ED76CE00FAB4A5 /* AppDelegate.m */; };
		AFBB009A18ED76CE00FAB4A5 /* Main.storyboard in Resources */ = {isa = PBXBuildFile; fileRef = AFBB009818ED76CE00FAB4A5 /* Main.storyboard */; };
		AFBB009D18ED76CE00FAB4A5 /* ViewController.m in Sources */ = {isa = PBXBuildFile; fileRef = AFBB009C18ED76CE00FAB4A5 /* ViewController.m */; };
		AFBB009F18ED76CE00FAB4A5 /* Images.xcassets in Resources */ = {isa = PBXBuildFile; fileRef = AFBB009E18ED76CE00FAB4A5 /* Images.xcassets */; };
		AFBB00A618ED76CE00FAB4A5 /* XCTest.framework in Frameworks */ = {isa = PBXBuildFile; fileRef = AFBB00A518ED76CE00FAB4A5 /* XCTest.framework */; };
		AFBB00A718ED76CE00FAB4A5 /* Foundation.framework in Frameworks */ = {isa = PBXBuildFile; fileRef = AFBB008618ED76CE00FAB4A5 /* Foundation.framework */; };
		AFBB00A818ED76CE00FAB4A5 /* UIKit.framework in Frameworks */ = {isa = PBXBuildFile; fileRef = AFBB008A18ED76CE00FAB4A5 /* UIKit.framework */; };
		AFBB00B018ED76CE00FAB4A5 /* InfoPlist.strings in Resources */ = {isa = PBXBuildFile; fileRef = AFBB00AE18ED76CE00FAB4A5 /* InfoPlist.strings */; };
		AFBB00B218ED76CE00FAB4A5 /* WeCanMakeTests.m in Sources */ = {isa = PBXBuildFile; fileRef = AFBB00B118ED76CE00FAB4A5 /* WeCanMakeTests.m */; };
/* End PBXBuildFile section */

/* Begin PBXContainerItemProxy section */
		AFBB00A918ED76CE00FAB4A5 /* PBXContainerItemProxy */ = {
			isa = PBXContainerItemProxy;
			containerPortal = AFBB007B18ED76CE00FAB4A5 /* Project object */;
			proxyType = 1;
			remoteGlobalIDString = AFBB008218ED76CE00FAB4A5;
			remoteInfo = WeCanMake;
		};
/* End PBXContainerItemProxy section */

/* Begin PBXFileReference section */
		AFBB008318ED76CE00FAB4A5 /* WeCanMake.app */ = {isa = PBXFileReference; explicitFileType = wrapper.application; includeInIndex = 0; path = WeCanMake.app; sourceTree = BUILT_PRODUCTS_DIR; };
		AFBB008618ED76CE00FAB4A5 /* Foundation.framework */ = {isa = PBXFileReference; lastKnownFileType = wrapper.framework; name = Foundation.framework; path = System/Library/Frameworks/Foundation.framework; sourceTree = SDKROOT; };
		AFBB008818ED76CE00FAB4A5 /* CoreGraphics.framework */ = {isa = PBXFileReference; lastKnownFileType = wrapper.framework; name = CoreGraphics.framework; path = System/Library/Frameworks/CoreGraphics.framework; sourceTree = SDKROOT; };
		AFBB008A18ED76CE00FAB4A5 /* UIKit.framework */ = {isa = PBXFileReference; lastKnownFileType = wrapper.framework; name = UIKit.framework; path = System/Library/Frameworks/UIKit.framework; sourceTree = SDKROOT; };
		AFBB008E18ED76CE00FAB4A5 /* WeCanMake-Info.plist */ = {isa = PBXFileReference; lastKnownFileType = text.plist.xml; path = "WeCanMake-Info.plist"; sourceTree = "<group>"; };
		AFBB009018ED76CE00FAB4A5 /* en */ = {isa = PBXFileReference; lastKnownFileType = text.plist.strings; name = en; path = en.lproj/InfoPlist.strings; sourceTree = "<group>"; };
		AFBB009218ED76CE00FAB4A5 /* main.m */ = {isa = PBXFileReference; lastKnownFileType = sourcecode.c.objc; path = main.m; sourceTree = "<group>"; };
		AFBB009418ED76CE00FAB4A5 /* WeCanMake-Prefix.pch */ = {isa = PBXFileReference; lastKnownFileType = sourcecode.c.h; path = "WeCanMake-Prefix.pch"; sourceTree = "<group>"; };
		AFBB009518ED76CE00FAB4A5 /* AppDelegate.h */ = {isa = PBXFileReference; lastKnownFileType = sourcecode.c.h; path = AppDelegate.h; sourceTree = "<group>"; };
		AFBB009618ED76CE00FAB4A5 /* AppDelegate.m */ = {isa = PBXFileReference; lastKnownFileType = sourcecode.c.objc; path = AppDelegate.m; sourceTree = "<group>"; };
		AFBB009918ED76CE00FAB4A5 /* Base */ = {isa = PBXFileReference; lastKnownFileType = file.storyboard; name = Base; path = Base.lproj/Main.storyboard; sourceTree = "<group>"; };
		AFBB009B18ED76CE00FAB4A5 /* ViewController.h */ = {isa = PBXFileReference; lastKnownFileType = sourcecode.c.h; path = ViewController.h; sourceTree = "<group>"; };
		AFBB009C18ED76CE00FAB4A5 /* ViewController.m */ = {isa = PBXFileReference; lastKnownFileType = sourcecode.c.objc; path = ViewController.m; sourceTree = "<group>"; };
		AFBB009E18ED76CE00FAB4A5 /* Images.xcassets */ = {isa = PBXFileReference; lastKnownFileType = folder.assetcatalog; path = Images.xcassets; sourceTree = "<group>"; };
		AFBB00A418ED76CE00FAB4A5 /* WeCanMakeTests.xctest */ = {isa = PBXFileReference; explicitFileType = wrapper.cfbundle; includeInIndex = 0; path = WeCanMakeTests.xctest; sourceTree = BUILT_PRODUCTS_DIR; };
		AFBB00A518ED76CE00FAB4A5 /* XCTest.framework */ = {isa = PBXFileReference; lastKnownFileType = wrapper.framework; name = XCTest.framework; path = Library/Frameworks/XCTest.framework; sourceTree = DEVELOPER_DIR; };
		AFBB00AD18ED76CE00FAB4A5 /* WeCanMakeTests-Info.plist */ = {isa = PBXFileReference; lastKnownFileType = text.plist.xml; path = "WeCanMakeTests-Info.plist"; sourceTree = "<group>"; };
		AFBB00AF18ED76CE00FAB4A5 /* en */ = {isa = PBXFileReference; lastKnownFileType = text.plist.strings; name = en; path = en.lproj/InfoPlist.strings; sourceTree = "<group>"; };
		AFBB00B118ED76CE00FAB4A5 /* WeCanMakeTests.m */ = {isa = PBXFileReference; lastKnownFileType = sourcecode.c.objc; path = WeCanMakeTests.m; sourceTree = "<group>"; };
/* End PBXFileReference section */

/* Begin PBXFrameworksBuildPhase section */
		AFBB008018ED76CE00FAB4A5 /* Frameworks */ = {
			isa = PBXFrameworksBuildPhase;
			buildActionMask = 2147483647;
			files = (
				AFBB008918ED76CE00FAB4A5 /* CoreGraphics.framework in Frameworks */,
				AFBB008B18ED76CE00FAB4A5 /* UIKit.framework in Frameworks */,
				AFBB008718ED76CE00FAB4A5 /* Foundation.framework in Frameworks */,
			);
			runOnlyForDeploymentPostprocessing = 0;
		};
		AFBB00A118ED76CE00FAB4A5 /* Frameworks */ = {
			isa = PBXFrameworksBuildPhase;
			buildActionMask = 2147483647;
			files = (
				AFBB00A618ED76CE00FAB4A5 /* XCTest.framework in Frameworks */,
				AFBB00A818ED76CE00FAB4A5 /* UIKit.framework in Frameworks */,
				AFBB00A718ED76CE00FAB4A5 /* Foundation.framework in Frameworks */,
			);
			runOnlyForDeploymentPostprocessing = 0;
		};
/* End PBXFrameworksBuildPhase section */

/* Begin PBXGroup section */
		AFBB007A18ED76CE00FAB4A5 = {
			isa = PBXGroup;
			children = (
				AFBB008C18ED76CE00FAB4A5 /* WeCanMake */,
				AFBB00AB18ED76CE00FAB4A5 /* WeCanMakeTests */,
				AFBB008518ED76CE00FAB4A5 /* Frameworks */,
				AFBB008418ED76CE00FAB4A5 /* Products */,
			);
			sourceTree = "<group>";
		};
		AFBB008418ED76CE00FAB4A5 /* Products */ = {
			isa = PBXGroup;
			children = (
				AFBB008318ED76CE00FAB4A5 /* WeCanMake.app */,
				AFBB00A418ED76CE00FAB4A5 /* WeCanMakeTests.xctest */,
			);
			name = Products;
			sourceTree = "<group>";
		};
		AFBB008518ED76CE00FAB4A5 /* Frameworks */ = {
			isa = PBXGroup;
			children = (
				AFBB008618ED76CE00FAB4A5 /* Foundation.framework */,
				AFBB008818ED76CE00FAB4A5 /* CoreGraphics.framework */,
				AFBB008A18ED76CE00FAB4A5 /* UIKit.framework */,
				AFBB00A518ED76CE00FAB4A5 /* XCTest.framework */,
			);
			name = Frameworks;
			sourceTree = "<group>";
		};
		AFBB008C18ED76CE00FAB4A5 /* WeCanMake */ = {
			isa = PBXGroup;
			children = (
				AFBB009518ED76CE00FAB4A5 /* AppDelegate.h */,
				AFBB009618ED76CE00FAB4A5 /* AppDelegate.m */,
				AFBB009818ED76CE00FAB4A5 /* Main.storyboard */,
				AFBB009B18ED76CE00FAB4A5 /* ViewController.h */,
				AFBB009C18ED76CE00FAB4A5 /* ViewController.m */,
				AFBB009E18ED76CE00FAB4A5 /* Images.xcassets */,
				AFBB008D18ED76CE00FAB4A5 /* Supporting Files */,
			);
			path = WeCanMake;
			sourceTree = "<group>";
		};
		AFBB008D18ED76CE00FAB4A5 /* Supporting Files */ = {
			isa = PBXGroup;
			children = (
				AFBB008E18ED76CE00FAB4A5 /* WeCanMake-Info.plist */,
				AFBB008F18ED76CE00FAB4A5 /* InfoPlist.strings */,
				AFBB009218ED76CE00FAB4A5 /* main.m */,
				AFBB009418ED76CE00FAB4A5 /* WeCanMake-Prefix.pch */,
			);
			name = "Supporting Files";
			sourceTree = "<group>";
		};
		AFBB00AB18ED76CE00FAB4A5 /* WeCanMakeTests */ = {
			isa = PBXGroup;
			children = (
				AFBB00B118ED76CE00FAB4A5 /* WeCanMakeTests.m */,
				AFBB00AC18ED76CE00FAB4A5 /* Supporting Files */,
			);
			path = WeCanMakeTests;
			sourceTree = "<group>";
		};
		AFBB00AC18ED76CE00FAB4A5 /* Supporting Files */ = {
			isa = PBXGroup;
			children = (
				AFBB00AD18ED76CE00FAB4A5 /* WeCanMakeTests-Info.plist */,
				AFBB00AE18ED76CE00FAB4A5 /* InfoPlist.strings */,
			);
			name = "Supporting Files";
			sourceTree = "<group>";
		};
/* End PBXGroup section */

/* Begin PBXNativeTarget section */
		AFBB008218ED76CE00FAB4A5 /* WeCanMake */ = {
			isa = PBXNativeTarget;
			buildConfigurationList = AFBB00B518ED76CE00FAB4A5 /* Build configuration list for PBXNativeTarget "WeCanMake" */;
			buildPhases = (
				AFBB007F18ED76CE00FAB4A5 /* Sources */,
				AFBB008018ED76CE00FAB4A5 /* Frameworks */,
				AFBB008118ED76CE00FAB4A5 /* Resources */,
			);
			buildRules = (
			);
			dependencies = (
			);
			name = WeCanMake;
			productName = WeCanMake;
			productReference = AFBB008318ED76CE00FAB4A5 /* WeCanMake.app */;
			productType = "com.apple.product-type.application";
		};
		AFBB00A318ED76CE00FAB4A5 /* WeCanMakeTests */ = {
			isa = PBXNativeTarget;
			buildConfigurationList = AFBB00B818ED76CE00FAB4A5 /* Build configuration list for PBXNativeTarget "WeCanMakeTests" */;
			buildPhases = (
				AFBB00A018ED76CE00FAB4A5 /* Sources */,
				AFBB00A118ED76CE00FAB4A5 /* Frameworks */,
				AFBB00A218ED76CE00FAB4A5 /* Resources */,
			);
			buildRules = (
			);
			dependencies = (
				AFBB00AA18ED76CE00FAB4A5 /* PBXTargetDependency */,
			);
			name = WeCanMakeTests;
			productName = WeCanMakeTests;
			productReference = AFBB00A418ED76CE00FAB4A5 /* WeCanMakeTests.xctest */;
			productType = "com.apple.product-type.bundle.unit-test";
		};
/* End PBXNativeTarget section */

/* Begin PBXProject section */
		AFBB007B18ED76CE00FAB4A5 /* Project object */ = {
			isa = PBXProject;
			attributes = {
				LastUpgradeCheck = 0510;
				ORGANIZATIONNAME = "haibo chen";
				TargetAttributes = {
					AFBB00A318ED76CE00FAB4A5 = {
						TestTargetID = AFBB008218ED76CE00FAB4A5;
					};
				};
			};
			buildConfigurationList = AFBB007E18ED76CE00FAB4A5 /* Build configuration list for PBXProject "WeCanMake" */;
			compatibilityVersion = "Xcode 3.2";
			developmentRegion = English;
			hasScannedForEncodings = 0;
			knownRegions = (
				en,
				Base,
			);
			mainGroup = AFBB007A18ED76CE00FAB4A5;
			productRefGroup = AFBB008418ED76CE00FAB4A5 /* Products */;
			projectDirPath = "";
			projectRoot = "";
			targets = (
				AFBB008218ED76CE00FAB4A5 /* WeCanMake */,
				AFBB00A318ED76CE00FAB4A5 /* WeCanMakeTests */,
			);
		};
/* End PBXProject section */

/* Begin PBXResourcesBuildPhase section */
		AFBB008118ED76CE00FAB4A5 /* Resources */ = {
			isa = PBXResourcesBuildPhase;
			buildActionMask = 2147483647;
			files = (
				AFBB009F18ED76CE00FAB4A5 /* Images.xcassets in Resources */,
				AFBB009118ED76CE00FAB4A5 /* InfoPlist.strings in Resources */,
				AFBB009A18ED76CE00FAB4A5 /* Main.storyboard in Resources */,
			);
			runOnlyForDeploymentPostprocessing = 0;
		};
		AFBB00A218ED76CE00FAB4A5 /* Resources */ = {
			isa = PBXResourcesBuildPhase;
			buildActionMask = 2147483647;
			files = (
				AFBB00B018ED76CE00FAB4A5 /* InfoPlist.strings in Resources */,
			);
			runOnlyForDeploymentPostprocessing = 0;
		};
/* End PBXResourcesBuildPhase section */

/* Begin PBXSourcesBuildPhase section */
		AFBB007F18ED76CE00FAB4A5 /* Sources */ = {
			isa = PBXSourcesBuildPhase;
			buildActionMask = 2147483647;
			files = (
				AFBB009D18ED76CE00FAB4A5 /* ViewController.m in Sources */,
				AFBB009718ED76CE00FAB4A5 /* AppDelegate.m in Sources */,
				AFBB009318ED76CE00FAB4A5 /* main.m in Sources */,
			);
			runOnlyForDeploymentPostprocessing = 0;
		};
		AFBB00A018ED76CE00FAB4A5 /* Sources */ = {
			isa = PBXSourcesBuildPhase;
			buildActionMask = 2147483647;
			files = (
				AFBB00B218ED76CE00FAB4A5 /* WeCanMakeTests.m in Sources */,
			);
			runOnlyForDeploymentPostprocessing = 0;
		};
/* End PBXSourcesBuildPhase section */

/* Begin PBXTargetDependency section */
		AFBB00AA18ED76CE00FAB4A5 /* PBXTargetDependency */ = {
			isa = PBXTargetDependency;
			target = AFBB008218ED76CE00FAB4A5 /* WeCanMake */;
			targetProxy = AFBB00A918ED76CE00FAB4A5 /* PBXContainerItemProxy */;
		};
/* End PBXTargetDependency section */

/* Begin PBXVariantGroup section */
		AFBB008F18ED76CE00FAB4A5 /* InfoPlist.strings */ = {
			isa = PBXVariantGroup;
			children = (
				AFBB009018ED76CE00FAB4A5 /* en */,
			);
			name = InfoPlist.strings;
			sourceTree = "<group>";
		};
		AFBB009818ED76CE00FAB4A5 /* Main.storyboard */ = {
			isa = PBXVariantGroup;
			children = (
				AFBB009918ED76CE00FAB4A5 /* Base */,
			);
			name = Main.storyboard;
			sourceTree = "<group>";
		};
		AFBB00AE18ED76CE00FAB4A5 /* InfoPlist.strings */ = {
			isa = PBXVariantGroup;
			children = (
				AFBB00AF18ED76CE00FAB4A5 /* en */,
			);
			name = InfoPlist.strings;
			sourceTree = "<group>";
		};
/* End PBXVariantGroup section */

/* Begin XCBuildConfiguration section */
		AFBB00B318ED76CE00FAB4A5 /* Debug */ = {
			isa = XCBuildConfiguration;
			buildSettings = {
				ALWAYS_SEARCH_USER_PATHS = NO;
				CLANG_CXX_LANGUAGE_STANDARD = "gnu++0x";
				CLANG_CXX_LIBRARY = "libc++";
				CLANG_ENABLE_MODULES = YES;
				CLANG_ENABLE_OBJC_ARC = YES;
				CLANG_WARN_BOOL_CONVERSION = YES;
				CLANG_WARN_CONSTANT_CONVERSION = YES;
				CLANG_WARN_DIRECT_OBJC_ISA_USAGE = YES_ERROR;
				CLANG_WARN_EMPTY_BODY = YES;
				CLANG_WARN_ENUM_CONVERSION = YES;
				CLANG_WARN_INT_CONVERSION = YES;
				CLANG_WARN_OBJC_ROOT_CLASS = YES_ERROR;
				CLANG_WARN__DUPLICATE_METHOD_MATCH = YES;
				"CODE_SIGN_IDENTITY[sdk=iphoneos*]" = "iPhone Developer";
				COPY_PHASE_STRIP = NO;
				GCC_C_LANGUAGE_STANDARD = gnu99;
				GCC_DYNAMIC_NO_PIC = NO;
				GCC_OPTIMIZATION_LEVEL = 0;
				GCC_PREPROCESSOR_DEFINITIONS = (
					"DEBUG=1",
					"$(inherited)",
				);
				GCC_SYMBOLS_PRIVATE_EXTERN = NO;
				GCC_WARN_64_TO_32_BIT_CONVERSION = YES;
				GCC_WARN_ABOUT_RETURN_TYPE = YES_ERROR;
				GCC_WARN_UNDECLARED_SELECTOR = YES;
				GCC_WARN_UNINITIALIZED_AUTOS = YES_AGGRESSIVE;
				GCC_WARN_UNUSED_FUNCTION = YES;
				GCC_WARN_UNUSED_VARIABLE = YES;
				IPHONEOS_DEPLOYMENT_TARGET = 7.1;
				ONLY_ACTIVE_ARCH = YES;
				SDKROOT = iphoneos;
			};
			name = Debug;
		};
		AFBB00B418ED76CE00FAB4A5 /* Release */ = {
			isa = XCBuildConfiguration;
			buildSettings = {
				ALWAYS_SEARCH_USER_PATHS = NO;
				CLANG_CXX_LANGUAGE_STANDARD = "gnu++0x";
				CLANG_CXX_LIBRARY = "libc++";
				CLANG_ENABLE_MODULES = YES;
				CLANG_ENABLE_OBJC_ARC = YES;
				CLANG_WARN_BOOL_CONVERSION = YES;
				CLANG_WARN_CONSTANT_CONVERSION = YES;
				CLANG_WARN_DIRECT_OBJC_ISA_USAGE = YES_ERROR;
				CLANG_WARN_EMPTY_BODY = YES;
				CLANG_WARN_ENUM_CONVERSION = YES;
				CLANG_WARN_INT_CONVERSION = YES;
				CLANG_WARN_OBJC_ROOT_CLASS = YES_ERROR;
				CLANG_WARN__DUPLICATE_METHOD_MATCH = YES;
				"CODE_SIGN_IDENTITY[sdk=iphoneos*]" = "iPhone Developer";
				COPY_PHASE_STRIP = YES;
				ENABLE_NS_ASSERTIONS = NO;
				GCC_C_LANGUAGE_STANDARD = gnu99;
				GCC_WARN_64_TO_32_BIT_CONVERSION = YES;
				GCC_WARN_ABOUT_RETURN_TYPE = YES_ERROR;
				GCC_WARN_UNDECLARED_SELECTOR = YES;
				GCC_WARN_UNINITIALIZED_AUTOS = YES_AGGRESSIVE;
				GCC_WARN_UNUSED_FUNCTION = YES;
				GCC_WARN_UNUSED_VARIABLE = YES;
				IPHONEOS_DEPLOYMENT_TARGET = 7.1;
				SDKROOT = iphoneos;
				VALIDATE_PRODUCT = YES;
			};
			name = Release;
		};
		AFBB00B618ED76CE00FAB4A5 /* Debug */ = {
			isa = XCBuildConfiguration;
			buildSettings = {
				ASSETCATALOG_COMPILER_APPICON_NAME = AppIcon;
				ASSETCATALOG_COMPILER_LAUNCHIMAGE_NAME = LaunchImage;
				GCC_PRECOMPILE_PREFIX_HEADER = YES;
				GCC_PREFIX_HEADER = "WeCanMake/WeCanMake-Prefix.pch";
				INFOPLIST_FILE = "WeCanMake/WeCanMake-Info.plist";
				PRODUCT_NAME = "$(TARGET_NAME)";
				WRAPPER_EXTENSION = app;
			};
			name = Debug;
		};
		AFBB00B718ED76CE00FAB4A5 /* Release */ = {
			isa = XCBuildConfiguration;
			buildSettings = {
				ASSETCATALOG_COMPILER_APPICON_NAME = AppIcon;
				ASSETCATALOG_COMPILER_LAUNCHIMAGE_NAME = LaunchImage;
				GCC_PRECOMPILE_PREFIX_HEADER = YES;
				GCC_PREFIX_HEADER = "WeCanMake/WeCanMake-Prefix.pch";
				INFOPLIST_FILE = "WeCanMake/WeCanMake-Info.plist";
				PRODUCT_NAME = "$(TARGET_NAME)";
				WRAPPER_EXTENSION = app;
			};
			name = Release;
		};
		AFBB00B918ED76CE00FAB4A5 /* Debug */ = {
			isa = XCBuildConfiguration;
			buildSettings = {
				BUNDLE_LOADER = "$(BUILT_PRODUCTS_DIR)/WeCanMake.app/WeCanMake";
				FRAMEWORK_SEARCH_PATHS = (
					"$(SDKROOT)/Developer/Library/Frameworks",
					"$(inherited)",
					"$(DEVELOPER_FRAMEWORKS_DIR)",
				);
				GCC_PRECOMPILE_PREFIX_HEADER = YES;
				GCC_PREFIX_HEADER = "WeCanMake/WeCanMake-Prefix.pch";
				GCC_PREPROCESSOR_DEFINITIONS = (
					"DEBUG=1",
					"$(inherited)",
				);
				INFOPLIST_FILE = "WeCanMakeTests/WeCanMakeTests-Info.plist";
				PRODUCT_NAME = "$(TARGET_NAME)";
				TEST_HOST = "$(BUNDLE_LOADER)";
				WRAPPER_EXTENSION = xctest;
			};
			name = Debug;
		};
		AFBB00BA18ED76CE00FAB4A5 /* Release */ = {
			isa = XCBuildConfiguration;
			buildSettings = {
				BUNDLE_LOADER = "$(BUILT_PRODUCTS_DIR)/WeCanMake.app/WeCanMake";
				FRAMEWORK_SEARCH_PATHS = (
					"$(SDKROOT)/Developer/Library/Frameworks",
					"$(inherited)",
					"$(DEVELOPER_FRAMEWORKS_DIR)",
				);
				GCC_PRECOMPILE_PREFIX_HEADER = YES;
				GCC_PREFIX_HEADER = "WeCanMake/WeCanMake-Prefix.pch";
				INFOPLIST_FILE = "WeCanMakeTests/WeCanMakeTests-Info.plist";
				PRODUCT_NAME = "$(TARGET_NAME)";
				TEST_HOST = "$(BUNDLE_LOADER)";
				WRAPPER_EXTENSION = xctest;
			};
			name = Release;
		};
/* End XCBuildConfiguration section */

/* Begin XCConfigurationList section */
		AFBB007E18ED76CE00FAB4A5 /* Build configuration list for PBXProject "WeCanMake" */ = {
			isa = XCConfigurationList;
			buildConfigurations = (
				AFBB00B318ED76CE00FAB4A5 /* Debug */,
				AFBB00B418ED76CE00FAB4A5 /* Release */,
			);
			defaultConfigurationIsVisible = 0;
			defaultConfigurationName = Release;
		};
		AFBB00B518ED76CE00FAB4A5 /* Build configuration list for PBXNativeTarget "WeCanMake" */ = {
			isa = XCConfigurationList;
			buildConfigurations = (
				AFBB00B618ED76CE00FAB4A5 /* Debug */,
				AFBB00B718ED76CE00FAB4A5 /* Release */,
			);
			defaultConfigurationIsVisible = 0;
		};
		AFBB00B818ED76CE00FAB4A5 /* Build configuration list for PBXNativeTarget "WeCanMakeTests" */ = {
			isa = XCConfigurationList;
			buildConfigurations = (
				AFBB00B918ED76CE00FAB4A5 /* Debug */,
				AFBB00BA18ED76CE00FAB4A5 /* Release */,
			);
			defaultConfigurationIsVisible = 0;
		};
/* End XCConfigurationList section */
	};
	rootObject = AFBB007B18ED76CE00FAB4A5 /* Project object */;
}
